Microsoft Visual Studio Solution File, Format Version 12.00
# Visual Studio Version 17
VisualStudioVersion = 17.0.31903.59
MinimumVisualStudioVersion = 10.0.40219.1
Project("{9A19103F-16F7-4668-BE54-9A1E7A4F7556}") = "ClockWidget", "ClockWidget\ClockWidget.csproj", "{F6B05D4F-2A92-4C80-A85C-1AEF01F83219}"
EndProject
Project("{9A19103F-16F7-4668-BE54-9A1E7A4F7556}") = "ClockWidget.Tests", "ClockWidget.Tests\ClockWidget.Tests.csproj", "{8D8486C7-01D5-4E49-A1C5-A11FAD54BCF4}"
EndProject
Global
	GlobalSection(SolutionConfigurationPlatforms) = preSolution
		Debug|Any CPU = Debug|Any CPU
		Release|Any CPU = Release|Any CPU
	EndGlobalSection
	GlobalSection(ProjectConfigurationPlatforms) = postSolution
		{F6B05D4F-2A92-4C80-A85C-1AEF01F83219}.Debug|Any CPU.ActiveCfg = Debug|Any CPU
		{F6B05D4F-2A92-4C80-A85C-1AEF01F83219}.Debug|Any CPU.Build.0 = Debug|Any CPU
		{F6B05D4F-2A92-4C80-A85C-1AEF01F83219}.Release|Any CPU.ActiveCfg = Release|Any CPU
		{F6B05D4F-2A92-4C80-A85C-1AEF01F83219}.Release|Any CPU.Build.0 = Release|Any CPU
		{8D8486C7-01D5-4E49-A1C5-A11FAD54BCF4}.Debug|Any CPU.ActiveCfg = Debug|Any CPU
		{8D8486C7-01D5-4E49-A1C5-A11FAD54BCF4}.Debug|Any CPU.Build.0 = Debug|Any CPU
		{8D8486C7-01D5-4E49-A1C5-A11FAD54BCF4}.Release|Any CPU.ActiveCfg = Release|Any CPU
		{8D8486C7-01D5-4E49-A1C5-A11FAD54BCF4}.Release|Any CPU.Build.0 = Release|Any CPU
	EndGlobalSection
EndGlobal
